// !$*UTF8*$!
{
	archiveVersion = 1;
	classes = {
	};
	objectVersion = 56;
	objects = {

/* Begin PBXBuildFile section */
		528915CE2ADF664B00ADD00C /* Data+Extension.swift in Sources */ = {isa = PBXBuildFile; fileRef = 528915CD2ADF664B00ADD00C /* Data+Extension.swift */; };
		528915D02ADF762200ADD00C /* AppConstants.swift in Sources */ = {isa = PBXBuildFile; fileRef = 528915CF2ADF762200ADD00C /* AppConstants.swift */; };
		52E25DB82AD10FC600C927B3 /* AppDelegate.swift in Sources */ = {isa = PBXBuildFile; fileRef = 52E25DB72AD10FC600C927B3 /* AppDelegate.swift */; };
		52E25DBA2AD10FC600C927B3 /* SceneDelegate.swift in Sources */ = {isa = PBXBuildFile; fileRef = 52E25DB92AD10FC600C927B3 /* SceneDelegate.swift */; };
		52E25DC12AD10FC700C927B3 /* Assets.xcassets in Resources */ = {isa = PBXBuildFile; fileRef = 52E25DC02AD10FC700C927B3 /* Assets.xcassets */; };
		52E25DC42AD10FC700C927B3 /* LaunchScreen.storyboard in Resources */ = {isa = PBXBuildFile; fileRef = 52E25DC22AD10FC700C927B3 /* LaunchScreen.storyboard */; };
		52E25DCF2AD1107900C927B3 /* PokedexController.swift in Sources */ = {isa = PBXBuildFile; fileRef = 52E25DCE2AD1107900C927B3 /* PokedexController.swift */; };
		52E25DD32AD1141500C927B3 /* UIColor+Extension.swift in Sources */ = {isa = PBXBuildFile; fileRef = 52E25DD22AD1141500C927B3 /* UIColor+Extension.swift */; };
		52E25DD52AD1192A00C927B3 /* PokedexCell.swift in Sources */ = {isa = PBXBuildFile; fileRef = 52E25DD42AD1192A00C927B3 /* PokedexCell.swift */; };
		52E25DD72AD119B100C927B3 /* Reusable.swift in Sources */ = {isa = PBXBuildFile; fileRef = 52E25DD62AD119B100C927B3 /* Reusable.swift */; };
		52E25DD92AD421AA00C927B3 /* UIView+Extension.swift in Sources */ = {isa = PBXBuildFile; fileRef = 52E25DD82AD421AA00C927B3 /* UIView+Extension.swift */; };
		52E25DDB2AD427B600C927B3 /* UIFont+Extension.swift in Sources */ = {isa = PBXBuildFile; fileRef = 52E25DDA2AD427B600C927B3 /* UIFont+Extension.swift */; };
		52E25DDD2AD6CD0700C927B3 /* Pokemon.swift in Sources */ = {isa = PBXBuildFile; fileRef = 52E25DDC2AD6CD0700C927B3 /* Pokemon.swift */; };
		52E25DDF2AD6CEC000C927B3 /* Service.swift in Sources */ = {isa = PBXBuildFile; fileRef = 52E25DDE2AD6CEC000C927B3 /* Service.swift */; };
/* End PBXBuildFile section */

/* Begin PBXFileReference section */
		528915CD2ADF664B00ADD00C /* Data+Extension.swift */ = {isa = PBXFileReference; lastKnownFileType = sourcecode.swift; path = "Data+Extension.swift"; sourceTree = "<group>"; };
		528915CF2ADF762200ADD00C /* AppConstants.swift */ = {isa = PBXFileReference; lastKnownFileType = sourcecode.swift; path = AppConstants.swift; sourceTree = "<group>"; };
		52E25DB42AD10FC600C927B3 /* PokedexUIKit.app */ = {isa = PBXFileReference; explicitFileType = wrapper.application; includeInIndex = 0; path = PokedexUIKit.app; sourceTree = BUILT_PRODUCTS_DIR; };
		52E25DB72AD10FC600C927B3 /* AppDelegate.swift */ = {isa = PBXFileReference; lastKnownFileType = sourcecode.swift; path = AppDelegate.swift; sourceTree = "<group>"; };
		52E25DB92AD10FC600C927B3 /* SceneDelegate.swift */ = {isa = PBXFileReference; lastKnownFileType = sourcecode.swift; path = SceneDelegate.swift; sourceTree = "<group>"; };
		52E25DC02AD10FC700C927B3 /* Assets.xcassets */ = {isa = PBXFileReference; lastKnownFileType = folder.assetcatalog; path = Assets.xcassets; sourceTree = "<group>"; };
		52E25DC32AD10FC700C927B3 /* Base */ = {isa = PBXFileReference; lastKnownFileType = file.storyboard; name = Base; path = Base.lproj/LaunchScreen.storyboard; sourceTree = "<group>"; };
		52E25DC52AD10FC700C927B3 /* Info.plist */ = {isa = PBXFileReference; lastKnownFileType = text.plist.xml; path = Info.plist; sourceTree = "<group>"; };
		52E25DCE2AD1107900C927B3 /* PokedexController.swift */ = {isa = PBXFileReference; lastKnownFileType = sourcecode.swift; path = PokedexController.swift; sourceTree = "<group>"; };
		52E25DD22AD1141500C927B3 /* UIColor+Extension.swift */ = {isa = PBXFileReference; lastKnownFileType = sourcecode.swift; path = "UIColor+Extension.swift"; sourceTree = "<group>"; };
		52E25DD42AD1192A00C927B3 /* PokedexCell.swift */ = {isa = PBXFileReference; lastKnownFileType = sourcecode.swift; path = PokedexCell.swift; sourceTree = "<group>"; };
		52E25DD62AD119B100C927B3 /* Reusable.swift */ = {isa = PBXFileReference; lastKnownFileType = sourcecode.swift; path = Reusable.swift; sourceTree = "<group>"; };
		52E25DD82AD421AA00C927B3 /* UIView+Extension.swift */ = {isa = PBXFileReference; lastKnownFileType = sourcecode.swift; path = "UIView+Extension.swift"; sourceTree = "<group>"; };
		52E25DDA2AD427B600C927B3 /* UIFont+Extension.swift */ = {isa = PBXFileReference; lastKnownFileType = sourcecode.swift; path = "UIFont+Extension.swift"; sourceTree = "<group>"; };
		52E25DDC2AD6CD0700C927B3 /* Pokemon.swift */ = {isa = PBXFileReference; lastKnownFileType = sourcecode.swift; path = Pokemon.swift; sourceTree = "<group>"; };
		52E25DDE2AD6CEC000C927B3 /* Service.swift */ = {isa = PBXFileReference; lastKnownFileType = sourcecode.swift; path = Service.swift; sourceTree = "<group>"; };
/* End PBXFileReference section */

/* Begin PBXFrameworksBuildPhase section */
		52E25DB12AD10FC600C927B3 /* Frameworks */ = {
			isa = PBXFrameworksBuildPhase;
			buildActionMask = 2147483647;
			files = (
			);
			runOnlyForDeploymentPostprocessing = 0;
		};
/* End PBXFrameworksBuildPhase section */

/* Begin PBXGroup section */
		52E25DAB2AD10FC600C927B3 = {
			isa = PBXGroup;
			children = (
				52E25DB62AD10FC600C927B3 /* PokedexUIKit */,
				52E25DB52AD10FC600C927B3 /* Products */,
			);
			sourceTree = "<group>";
		};
		52E25DB52AD10FC600C927B3 /* Products */ = {
			isa = PBXGroup;
			children = (
				52E25DB42AD10FC600C927B3 /* PokedexUIKit.app */,
			);
			name = Products;
			sourceTree = "<group>";
		};
		52E25DB62AD10FC600C927B3 /* PokedexUIKit */ = {
			isa = PBXGroup;
			children = (
				52E25DCB2AD1104600C927B3 /* Model */,
				52E25DCC2AD1105500C927B3 /* View */,
				52E25DCD2AD1105C00C927B3 /* Controller */,
				52E25DD02AD1140100C927B3 /* Service */,
				52E25DD12AD1140900C927B3 /* Utils */,
				52E25DB72AD10FC600C927B3 /* AppDelegate.swift */,
				52E25DB92AD10FC600C927B3 /* SceneDelegate.swift */,
				52E25DC02AD10FC700C927B3 /* Assets.xcassets */,
				52E25DC22AD10FC700C927B3 /* LaunchScreen.storyboard */,
				52E25DC52AD10FC700C927B3 /* Info.plist */,
			);
			path = PokedexUIKit;
			sourceTree = "<group>";
		};
		52E25DCB2AD1104600C927B3 /* Model */ = {
			isa = PBXGroup;
			children = (
				52E25DDC2AD6CD0700C927B3 /* Pokemon.swift */,
			);
			path = Model;
			sourceTree = "<group>";
		};
		52E25DCC2AD1105500C927B3 /* View */ = {
			isa = PBXGroup;
			children = (
				52E25DD42AD1192A00C927B3 /* PokedexCell.swift */,
			);
			path = View;
			sourceTree = "<group>";
		};
		52E25DCD2AD1105C00C927B3 /* Controller */ = {
			isa = PBXGroup;
			children = (
				52E25DCE2AD1107900C927B3 /* PokedexController.swift */,
			);
			path = Controller;
			sourceTree = "<group>";
		};
		52E25DD02AD1140100C927B3 /* Service */ = {
			isa = PBXGroup;
			children = (
				52E25DDE2AD6CEC000C927B3 /* Service.swift */,
			);
			path = Service;
			sourceTree = "<group>";
		};
		52E25DD12AD1140900C927B3 /* Utils */ = {
			isa = PBXGroup;
			children = (
				52E25DD62AD119B100C927B3 /* Reusable.swift */,
				52E25DD22AD1141500C927B3 /* UIColor+Extension.swift */,
				52E25DD82AD421AA00C927B3 /* UIView+Extension.swift */,
				52E25DDA2AD427B600C927B3 /* UIFont+Extension.swift */,
				528915CD2ADF664B00ADD00C /* Data+Extension.swift */,
				528915CF2ADF762200ADD00C /* AppConstants.swift */,
			);
			path = Utils;
			sourceTree = "<group>";
		};
/* End PBXGroup section */

/* Begin PBXNativeTarget section */
		52E25DB32AD10FC600C927B3 /* PokedexUIKit */ = {
			isa = PBXNativeTarget;
			buildConfigurationList = 52E25DC82AD10FC700C927B3 /* Build configuration list for PBXNativeTarget "PokedexUIKit" */;
			buildPhases = (
				52E25DB02AD10FC600C927B3 /* Sources */,
				52E25DB12AD10FC600C927B3 /* Frameworks */,
				52E25DB22AD10FC600C927B3 /* Resources */,
			);
			buildRules = (
			);
			dependencies = (
			);
			name = PokedexUIKit;
			productName = PokedexUIKit;
			productReference = 52E25DB42AD10FC600C927B3 /* PokedexUIKit.app */;
			productType = "com.apple.product-type.application";
		};
/* End PBXNativeTarget section */

/* Begin PBXProject section */
		52E25DAC2AD10FC600C927B3 /* Project object */ = {
			isa = PBXProject;
			attributes = {
				BuildIndependentTargetsInParallel = 1;
				LastSwiftUpdateCheck = 1500;
				LastUpgradeCheck = 1500;
				TargetAttributes = {
					52E25DB32AD10FC600C927B3 = {
						CreatedOnToolsVersion = 15.0;
					};
				};
			};
			buildConfigurationList = 52E25DAF2AD10FC600C927B3 /* Build configuration list for PBXProject "PokedexUIKit" */;
			compatibilityVersion = "Xcode 14.0";
			developmentRegion = en;
			hasScannedForEncodings = 0;
			knownRegions = (
				en,
				Base,
			);
			mainGroup = 52E25DAB2AD10FC600C927B3;
			productRefGroup = 52E25DB52AD10FC600C927B3 /* Products */;
			projectDirPath = "";
			projectRoot = "";
			targets = (
				52E25DB32AD10FC600C927B3 /* PokedexUIKit */,
			);
		};
/* End PBXProject section */

/* Begin PBXResourcesBuildPhase section */
		52E25DB22AD10FC600C927B3 /* Resources */ = {
			isa = PBXResourcesBuildPhase;
			buildActionMask = 2147483647;
			files = (
				52E25DC42AD10FC700C927B3 /* LaunchScreen.storyboard in Resources */,
				52E25DC12AD10FC700C927B3 /* Assets.xcassets in Resources */,
			);
			runOnlyForDeploymentPostprocessing = 0;
		};
/* End PBXResourcesBuildPhase section */

/* Begin PBXSourcesBuildPhase section */
		52E25DB02AD10FC600C927B3 /* Sources */ = {
			isa = PBXSourcesBuildPhase;
			buildActionMask = 2147483647;
			files = (
				52E25DB82AD10FC600C927B3 /* AppDelegate.swift in Sources */,
				52E25DD92AD421AA00C927B3 /* UIView+Extension.swift in Sources */,
				52E25DD52AD1192A00C927B3 /* PokedexCell.swift in Sources */,
				52E25DCF2AD1107900C927B3 /* PokedexController.swift in Sources */,
				52E25DBA2AD10FC600C927B3 /* SceneDelegate.swift in Sources */,
				52E25DDD2AD6CD0700C927B3 /* Pokemon.swift in Sources */,
				52E25DD32AD1141500C927B3 /* UIColor+Extension.swift in Sources */,
				528915D02ADF762200ADD00C /* AppConstants.swift in Sources */,
				52E25DDF2AD6CEC000C927B3 /* Service.swift in Sources */,
				528915CE2ADF664B00ADD00C /* Data+Extension.swift in Sources */,
				52E25DDB2AD427B600C927B3 /* UIFont+Extension.swift in Sources */,
				52E25DD72AD119B100C927B3 /* Reusable.swift in Sources */,
			);
			runOnlyForDeploymentPostprocessing = 0;
		};
/* End PBXSourcesBuildPhase section */

/* Begin PBXVariantGroup section */
		52E25DC22AD10FC700C927B3 /* LaunchScreen.storyboard */ = {
			isa = PBXVariantGroup;
			children = (
				52E25DC32AD10FC700C927B3 /* Base */,
			);
			name = LaunchScreen.storyboard;
			sourceTree = "<group>";
		};
/* End PBXVariantGroup section */

/* Begin XCBuildConfiguration section */
		52E25DC62AD10FC700C927B3 /* Debug */ = {
			isa = XCBuildConfiguration;
			buildSettings = {
				ALWAYS_SEARCH_USER_PATHS = NO;
				ASSETCATALOG_COMPILER_GENERATE_SWIFT_ASSET_SYMBOL_EXTENSIONS = YES;
				CLANG_ANALYZER_NONNULL = YES;
				CLANG_ANALYZER_NUMBER_OBJECT_CONVERSION = YES_AGGRESSIVE;
				CLANG_CXX_LANGUAGE_STANDARD = "gnu++20";
				CLANG_ENABLE_MODULES = YES;
				CLANG_ENABLE_OBJC_ARC = YES;
				CLANG_ENABLE_OBJC_WEAK = YES;
				CLANG_WARN_BLOCK_CAPTURE_AUTORELEASING = YES;
				CLANG_WARN_BOOL_CONVERSION = YES;
				CLANG_WARN_COMMA = YES;
				CLANG_WARN_CONSTANT_CONVERSION = YES;
				CLANG_WARN_DEPRECATED_OBJC_IMPLEMENTATIONS = YES;
				CLANG_WARN_DIRECT_OBJC_ISA_USAGE = YES_ERROR;
				CLANG_WARN_DOCUMENTATION_COMMENTS = YES;
				CLANG_WARN_EMPTY_BODY = YES;
				CLANG_WARN_ENUM_CONVERSION = YES;
				CLANG_WARN_INFINITE_RECURSION = YES;
				CLANG_WARN_INT_CONVERSION = YES;
				CLANG_WARN_NON_LITERAL_NULL_CONVERSION = YES;
				CLANG_WARN_OBJC_IMPLICIT_RETAIN_SELF = YES;
				CLANG_WARN_OBJC_LITERAL_CONVERSION = YES;
				CLANG_WARN_OBJC_ROOT_CLASS = YES_ERROR;
				CLANG_WARN_QUOTED_INCLUDE_IN_FRAMEWORK_HEADER = YES;
				CLANG_WARN_RANGE_LOOP_ANALYSIS = YES;
				CLANG_WARN_STRICT_PROTOTYPES = YES;
				CLANG_WARN_SUSPICIOUS_MOVE = YES;
				CLANG_WARN_UNGUARDED_AVAILABILITY = YES_AGGRESSIVE;
				CLANG_WARN_UNREACHABLE_CODE = YES;
				CLANG_WARN__DUPLICATE_METHOD_MATCH = YES;
				COPY_PHASE_STRIP = NO;
				DEBUG_INFORMATION_FORMAT = dwarf;
				ENABLE_STRICT_OBJC_MSGSEND = YES;
				ENABLE_TESTABILITY = YES;
				ENABLE_USER_SCRIPT_SANDBOXING = YES;
				GCC_C_LANGUAGE_STANDARD = gnu17;
				GCC_DYNAMIC_NO_PIC = NO;
				GCC_NO_COMMON_BLOCKS = YES;
				GCC_OPTIMIZATION_LEVEL = 0;
				GCC_PREPROCESSOR_DEFINITIONS = (
					"DEBUG=1",
					"$(inherited)",
				);
				GCC_WARN_64_TO_32_BIT_CONVERSION = YES;
				GCC_WARN_ABOUT_RETURN_TYPE = YES_ERROR;
				GCC_WARN_UNDECLARED_SELECTOR = YES;
				GCC_WARN_UNINITIALIZED_AUTOS = YES_AGGRESSIVE;
				GCC_WARN_UNUSED_FUNCTION = YES;
				GCC_WARN_UNUSED_VARIABLE = YES;
				IPHONEOS_DEPLOYMENT_TARGET = 17.0;
				LOCALIZATION_PREFERS_STRING_CATALOGS = YES;
				MTL_ENABLE_DEBUG_INFO = INCLUDE_SOURCE;
				MTL_FAST_MATH = YES;
				ONLY_ACTIVE_ARCH = YES;
				SDKROOT = iphoneos;
				SWIFT_ACTIVE_COMPILATION_CONDITIONS = "DEBUG $(inherited)";
				SWIFT_OPTIMIZATION_LEVEL = "-Onone";
			};
			name = Debug;
		};
		52E25DC72AD10FC700C927B3 /* Release */ = {
			isa = XCBuildConfiguration;
			buildSettings = {
				ALWAYS_SEARCH_USER_PATHS = NO;
				ASSETCATALOG_COMPILER_GENERATE_SWIFT_ASSET_SYMBOL_EXTENSIONS = YES;
				CLANG_ANALYZER_NONNULL = YES;
				CLANG_ANALYZER_NUMBER_OBJECT_CONVERSION = YES_AGGRESSIVE;
				CLANG_CXX_LANGUAGE_STANDARD = "gnu++20";
				CLANG_ENABLE_MODULES = YES;
				CLANG_ENABLE_OBJC_ARC = YES;
				CLANG_ENABLE_OBJC_WEAK = YES;
				CLANG_WARN_BLOCK_CAPTURE_AUTORELEASING = YES;
				CLANG_WARN_BOOL_CONVERSION = YES;
				CLANG_WARN_COMMA = YES;
				CLANG_WARN_CONSTANT_CONVERSION = YES;
				CLANG_WARN_DEPRECATED_OBJC_IMPLEMENTATIONS = YES;
				CLANG_WARN_DIRECT_OBJC_ISA_USAGE = YES_ERROR;
				CLANG_WARN_DOCUMENTATION_COMMENTS = YES;
				CLANG_WARN_EMPTY_BODY = YES;
				CLANG_WARN_ENUM_CONVERSION = YES;
				CLANG_WARN_INFINITE_RECURSION = YES;
				CLANG_WARN_INT_CONVERSION = YES;
				CLANG_WARN_NON_LITERAL_NULL_CONVERSION = YES;
				CLANG_WARN_OBJC_IMPLICIT_RETAIN_SELF = YES;
				CLANG_WARN_OBJC_LITERAL_CONVERSION = YES;
				CLANG_WARN_OBJC_ROOT_CLASS = YES_ERROR;
				CLANG_WARN_QUOTED_INCLUDE_IN_FRAMEWORK_HEADER = YES;
				CLANG_WARN_RANGE_LOOP_ANALYSIS = YES;
				CLANG_WARN_STRICT_PROTOTYPES = YES;
				CLANG_WARN_SUSPICIOUS_MOVE = YES;
				CLANG_WARN_UNGUARDED_AVAILABILITY = YES_AGGRESSIVE;
				CLANG_WARN_UNREACHABLE_CODE = YES;
				CLANG_WARN__DUPLICATE_METHOD_MATCH = YES;
				COPY_PHASE_STRIP = NO;
				DEBUG_INFORMATION_FORMAT = "dwarf-with-dsym";
				ENABLE_NS_ASSERTIONS = NO;
				ENABLE_STRICT_OBJC_MSGSEND = YES;
				ENABLE_USER_SCRIPT_SANDBOXING = YES;
				GCC_C_LANGUAGE_STANDARD = gnu17;
				GCC_NO_COMMON_BLOCKS = YES;
				GCC_WARN_64_TO_32_BIT_CONVERSION = YES;
				GCC_WARN_ABOUT_RETURN_TYPE = YES_ERROR;
				GCC_WARN_UNDECLARED_SELECTOR = YES;
				GCC_WARN_UNINITIALIZED_AUTOS = YES_AGGRESSIVE;
				GCC_WARN_UNUSED_FUNCTION = YES;
				GCC_WARN_UNUSED_VARIABLE = YES;
				IPHONEOS_DEPLOYMENT_TARGET = 17.0;
				LOCALIZATION_PREFERS_STRING_CATALOGS = YES;
				MTL_ENABLE_DEBUG_INFO = NO;
				MTL_FAST_MATH = YES;
				SDKROOT = iphoneos;
				SWIFT_COMPILATION_MODE = wholemodule;
				VALIDATE_PRODUCT = YES;
			};
			name = Release;
		};
		52E25DC92AD10FC700C927B3 /* Debug */ = {
			isa = XCBuildConfiguration;
			buildSettings = {
				ASSETCATALOG_COMPILER_APPICON_NAME = AppIcon;
				ASSETCATALOG_COMPILER_GLOBAL_ACCENT_COLOR_NAME = AccentColor;
				CODE_SIGN_STYLE = Automatic;
				CURRENT_PROJECT_VERSION = 1;
				DEVELOPMENT_TEAM = QZ46JW4C9U;
				GENERATE_INFOPLIST_FILE = YES;
				INFOPLIST_FILE = PokedexUIKit/Info.plist;
				INFOPLIST_KEY_UIApplicationSupportsIndirectInputEvents = YES;
				INFOPLIST_KEY_UILaunchStoryboardName = LaunchScreen;
				INFOPLIST_KEY_UIMainStoryboardFile = "";
				INFOPLIST_KEY_UISupportedInterfaceOrientations_iPad = "UIInterfaceOrientationPortrait UIInterfaceOrientationPortraitUpsideDown UIInterfaceOrientationLandscapeLeft UIInterfaceOrientationLandscapeRight";
				INFOPLIST_KEY_UISupportedInterfaceOrientations_iPhone = "UIInterfaceOrientationPortrait UIInterfaceOrientationLandscapeLeft UIInterfaceOrientationLandscapeRight";
				LD_RUNPATH_SEARCH_PATHS = (
					"$(inherited)",
					"@executable_path/Frameworks",
				);
				MARKETING_VERSION = 1.0;
				PRODUCT_BUNDLE_IDENTIFIER = top.maciejcan.PokedexUIKit;
				PRODUCT_NAME = "$(TARGET_NAME)";
				SWIFT_EMIT_LOC_STRINGS = YES;
				SWIFT_VERSION = 5.0;
				TARGETED_DEVICE_FAMILY = "1,2";
			};
			name = Debug;
		};
		52E25DCA2AD10FC700C927B3 /* Release */ = {
			isa = XCBuildConfiguration;
			buildSettings = {
				ASSETCATALOG_COMPILER_APPICON_NAME = AppIcon;
				ASSETCATALOG_COMPILER_GLOBAL_ACCENT_COLOR_NAME = AccentColor;
				CODE_SIGN_STYLE = Automatic;
				CURRENT_PROJECT_VERSION = 1;
				DEVELOPMENT_TEAM = QZ46JW4C9U;
				GENERATE_INFOPLIST_FILE = YES;
				INFOPLIST_FILE = PokedexUIKit/Info.plist;
				INFOPLIST_KEY_UIApplicationSupportsIndirectInputEvents = YES;
				INFOPLIST_KEY_UILaunchStoryboardName = LaunchScreen;
				INFOPLIST_KEY_UIMainStoryboardFile = "";
				INFOPLIST_KEY_UISupportedInterfaceOrientations_iPad = "UIInterfaceOrientationPortrait UIInterfaceOrientationPortraitUpsideDown UIInterfaceOrientationLandscapeLeft UIInterfaceOrientationLandscapeRight";
				INFOPLIST_KEY_UISupportedInterfaceOrientations_iPhone = "UIInterfaceOrientationPortrait UIInterfaceOrientationLandscapeLeft UIInterfaceOrientationLandscapeRight";
				LD_RUNPATH_SEARCH_PATHS = (
					"$(inherited)",
					"@executable_path/Frameworks",
				);
				MARKETING_VERSION = 1.0;
				PRODUCT_BUNDLE_IDENTIFIER = top.maciejcan.PokedexUIKit;
				PRODUCT_NAME = "$(TARGET_NAME)";
				SWIFT_EMIT_LOC_STRINGS = YES;
				SWIFT_VERSION = 5.0;
				TARGETED_DEVICE_FAMILY = "1,2";
			};
			name = Release;
		};
/* End XCBuildConfiguration section */

/* Begin XCConfigurationList section */
		52E25DAF2AD10FC600C927B3 /* Build configuration list for PBXProject "PokedexUIKit" */ = {
			isa = XCConfigurationList;
			buildConfigurations = (
				52E25DC62AD10FC700C927B3 /* Debug */,
				52E25DC72AD10FC700C927B3 /* Release */,
			);
			defaultConfigurationIsVisible = 0;
			defaultConfigurationName = Release;
		};
		52E25DC82AD10FC700C927B3 /* Build configuration list for PBXNativeTarget "PokedexUIKit" */ = {
			isa = XCConfigurationList;
			buildConfigurations = (
				52E25DC92AD10FC700C927B3 /* Debug */,
				52E25DCA2AD10FC700C927B3 /* Release */,
			);
			defaultConfigurationIsVisible = 0;
			defaultConfigurationName = Release;
		};
/* End XCConfigurationList section */
	};
	rootObject = 52E25DAC2AD10FC600C927B3 /* Project object */;
}
